
Microsoft Visual Studio Solution File, Format Version 12.00
# Visual Studio Version 16
VisualStudioVersion = 16.0.29613.14
MinimumVisualStudioVersion = 10.0.40219.1
Project("{9A19103F-16F7-4668-BE54-9A1E7A4F7556}") = "LibraryApi", "LibraryApi\LibraryApi.csproj", "{B7DE0D27-79BB-4D29-9FC8-7F511C42A476}"
EndProject
Project("{9A19103F-16F7-4668-BE54-9A1E7A4F7556}") = "LibraryApiIntegrationTests", "LibraryApiIntegrationTests\LibraryApiIntegrationTests.csproj", "{1EF72315-7C94-4DBD-A56A-E960C5B66528}"
EndProject
Project("{9A19103F-16F7-4668-BE54-9A1E7A4F7556}") = "ApiClient", "ApiClient\ApiClient.csproj", "{91495129-E10A-45B0-AEA5-2814E62572D3}"
EndProject
Project("{9A19103F-16F7-4668-BE54-9A1E7A4F7556}") = "RabbitMqUtils", "bes200-rabbitmqutils-master\RabbitMqUtils.csproj", "{41A6F573-DD5B-4021-8FAE-0F9DB9D40170}"
EndProject
Global
	GlobalSection(SolutionConfigurationPlatforms) = preSolution
		Debug|Any CPU = Debug|Any CPU
		Release|Any CPU = Release|Any CPU
	EndGlobalSection
	GlobalSection(ProjectConfigurationPlatforms) = postSolution
		{B7DE0D27-79BB-4D29-9FC8-7F511C42A476}.Debug|Any CPU.ActiveCfg = Debug|Any CPU
		{B7DE0D27-79BB-4D29-9FC8-7F511C42A476}.Debug|Any CPU.Build.0 = Debug|Any CPU
		{B7DE0D27-79BB-4D29-9FC8-7F511C42A476}.Release|Any CPU.ActiveCfg = Release|Any CPU
		{B7DE0D27-79BB-4D29-9FC8-7F511C42A476}.Release|Any CPU.Build.0 = Release|Any CPU
		{1EF72315-7C94-4DBD-A56A-E960C5B66528}.Debug|Any CPU.ActiveCfg = Debug|Any CPU
		{1EF72315-7C94-4DBD-A56A-E960C5B66528}.Debug|Any CPU.Build.0 = Debug|Any CPU
		{1EF72315-7C94-4DBD-A56A-E960C5B66528}.Release|Any CPU.ActiveCfg = Release|Any CPU
		{1EF72315-7C94-4DBD-A56A-E960C5B66528}.Release|Any CPU.Build.0 = Release|Any CPU
		{91495129-E10A-45B0-AEA5-2814E62572D3}.Debug|Any CPU.ActiveCfg = Debug|Any CPU
		{91495129-E10A-45B0-AEA5-2814E62572D3}.Debug|Any CPU.Build.0 = Debug|Any CPU
		{91495129-E10A-45B0-AEA5-2814E62572D3}.Release|Any CPU.ActiveCfg = Release|Any CPU
		{91495129-E10A-45B0-AEA5-2814E62572D3}.Release|Any CPU.Build.0 = Release|Any CPU
		{41A6F573-DD5B-4021-8FAE-0F9DB9D40170}.Debug|Any CPU.ActiveCfg = Debug|Any CPU
		{41A6F573-DD5B-4021-8FAE-0F9DB9D40170}.Debug|Any CPU.Build.0 = Debug|Any CPU
		{41A6F573-DD5B-4021-8FAE-0F9DB9D40170}.Release|Any CPU.ActiveCfg = Release|Any CPU
		{41A6F573-DD5B-4021-8FAE-0F9DB9D40170}.Release|Any CPU.Build.0 = Release|Any CPU
	EndGlobalSection
	GlobalSection(SolutionProperties) = preSolution
		HideSolutionNode = FALSE
	EndGlobalSection
	GlobalSection(ExtensibilityGlobals) = postSolution
		SolutionGuid = {63236BD2-8168-4A0D-99F4-DCBA78729B40}
	EndGlobalSection
EndGlobal
